
Microsoft Visual Studio Solution File, Format Version 12.00
# Visual Studio Version 17
VisualStudioVersion = 17.14.36705.20
MinimumVisualStudioVersion = 10.0.40219.1
Project("{FAE04EC0-301F-11D3-BF4B-00C04F79EFBC}") = "Singletone", "Singletone\Singletone.csproj", "{261D8306-571D-49F6-9EBD-EED058FE7E80}"
EndProject
Project("{FAE04EC0-301F-11D3-BF4B-00C04F79EFBC}") = "Decorator", "Decorator\Decorator.csproj", "{0CF11C4E-F628-4886-B0E7-EAA30A9857B7}"
EndProject
Project("{FAE04EC0-301F-11D3-BF4B-00C04F79EFBC}") = "Strategy", "Strategy\Strategy.csproj", "{52BF2E15-FADA-4816-8C08-40051BC8E7FA}"
EndProject
Project("{FAE04EC0-301F-11D3-BF4B-00C04F79EFBC}") = "Iterator", "Iterator\Iterator.csproj", "{840B81AC-ED5E-4369-A238-06958950A510}"
EndProject
Project("{FAE04EC0-301F-11D3-BF4B-00C04F79EFBC}") = "Adapter", "Adapter\Adapter.csproj", "{48154BBC-47AB-413B-B499-C0639B5F4D97}"
EndProject
Project("{FAE04EC0-301F-11D3-BF4B-00C04F79EFBC}") = "Observer", "Observer\Observer.csproj", "{012CFA9B-7174-4AA6-AE88-D45A1B66680D}"
EndProject
Project("{FAE04EC0-301F-11D3-BF4B-00C04F79EFBC}") = "Composite", "Composite\Composite.csproj", "{F8CC156D-CB7D-4C66-8056-11633CE31028}"
EndProject
Global
	GlobalSection(SolutionConfigurationPlatforms) = preSolution
		Debug|Any CPU = Debug|Any CPU
		Release|Any CPU = Release|Any CPU
	EndGlobalSection
	GlobalSection(ProjectConfigurationPlatforms) = postSolution
		{261D8306-571D-49F6-9EBD-EED058FE7E80}.Debug|Any CPU.ActiveCfg = Debug|Any CPU
		{261D8306-571D-49F6-9EBD-EED058FE7E80}.Debug|Any CPU.Build.0 = Debug|Any CPU
		{261D8306-571D-49F6-9EBD-EED058FE7E80}.Release|Any CPU.ActiveCfg = Release|Any CPU
		{261D8306-571D-49F6-9EBD-EED058FE7E80}.Release|Any CPU.Build.0 = Release|Any CPU
		{0CF11C4E-F628-4886-B0E7-EAA30A9857B7}.Debug|Any CPU.ActiveCfg = Debug|Any CPU
		{0CF11C4E-F628-4886-B0E7-EAA30A9857B7}.Debug|Any CPU.Build.0 = Debug|Any CPU
		{0CF11C4E-F628-4886-B0E7-EAA30A9857B7}.Release|Any CPU.ActiveCfg = Release|Any CPU
		{0CF11C4E-F628-4886-B0E7-EAA30A9857B7}.Release|Any CPU.Build.0 = Release|Any CPU
		{52BF2E15-FADA-4816-8C08-40051BC8E7FA}.Debug|Any CPU.ActiveCfg = Debug|Any CPU
		{52BF2E15-FADA-4816-8C08-40051BC8E7FA}.Debug|Any CPU.Build.0 = Debug|Any CPU
		{52BF2E15-FADA-4816-8C08-40051BC8E7FA}.Release|Any CPU.ActiveCfg = Release|Any CPU
		{52BF2E15-FADA-4816-8C08-40051BC8E7FA}.Release|Any CPU.Build.0 = Release|Any CPU
		{840B81AC-ED5E-4369-A238-06958950A510}.Debug|Any CPU.ActiveCfg = Debug|Any CPU
		{840B81AC-ED5E-4369-A238-06958950A510}.Debug|Any CPU.Build.0 = Debug|Any CPU
		{840B81AC-ED5E-4369-A238-06958950A510}.Release|Any CPU.ActiveCfg = Release|Any CPU
		{840B81AC-ED5E-4369-A238-06958950A510}.Release|Any CPU.Build.0 = Release|Any CPU
		{48154BBC-47AB-413B-B499-C0639B5F4D97}.Debug|Any CPU.ActiveCfg = Debug|Any CPU
		{48154BBC-47AB-413B-B499-C0639B5F4D97}.Debug|Any CPU.Build.0 = Debug|Any CPU
		{48154BBC-47AB-413B-B499-C0639B5F4D97}.Release|Any CPU.ActiveCfg = Release|Any CPU
		{48154BBC-47AB-413B-B499-C0639B5F4D97}.Release|Any CPU.Build.0 = Release|Any CPU
		{012CFA9B-7174-4AA6-AE88-D45A1B66680D}.Debug|Any CPU.ActiveCfg = Debug|Any CPU
		{012CFA9B-7174-4AA6-AE88-D45A1B66680D}.Debug|Any CPU.Build.0 = Debug|Any CPU
		{012CFA9B-7174-4AA6-AE88-D45A1B66680D}.Release|Any CPU.ActiveCfg = Release|Any CPU
		{012CFA9B-7174-4AA6-AE88-D45A1B66680D}.Release|Any CPU.Build.0 = Release|Any CPU
		{F8CC156D-CB7D-4C66-8056-11633CE31028}.Debug|Any CPU.ActiveCfg = Debug|Any CPU
		{F8CC156D-CB7D-4C66-8056-11633CE31028}.Debug|Any CPU.Build.0 = Debug|Any CPU
		{F8CC156D-CB7D-4C66-8056-11633CE31028}.Release|Any CPU.ActiveCfg = Release|Any CPU
		{F8CC156D-CB7D-4C66-8056-11633CE31028}.Release|Any CPU.Build.0 = Release|Any CPU
	EndGlobalSection
	GlobalSection(SolutionProperties) = preSolution
		HideSolutionNode = FALSE
	EndGlobalSection
	GlobalSection(ExtensibilityGlobals) = postSolution
		SolutionGuid = {B3DEA5A1-C0DF-409D-8DC9-D4F25ACF8EC7}
	EndGlobalSection
EndGlobal
